
Microsoft Visual Studio Solution File, Format Version 11.00
# Visual Studio 2010
Project("{FAE04EC0-301F-11D3-BF4B-00C04F79EFBC}") = "User-Defined-AR-Target", "Assembly-CSharp.csproj", "{951BF03A-94D1-CAE5-4ADD-9F2CB7C4391E}"
EndProject
Project("{FAE04EC0-301F-11D3-BF4B-00C04F79EFBC}") = "User-Defined-AR-Target", "Assembly-CSharp-firstpass.csproj", "{68BD68D1-BB59-F5F4-DFA0-39C73C8F5CE8}"
EndProject
Project("{FAE04EC0-301F-11D3-BF4B-00C04F79EFBC}") = "User-Defined-AR-Target", "Assembly-CSharp-Editor.csproj", "{BDB3B136-148A-151E-D7F0-0389760F5C5E}"
EndProject
Global
	GlobalSection(SolutionConfigurationPlatforms) = preSolution
		Debug|Any CPU = Debug|Any CPU
		Release|Any CPU = Release|Any CPU
	EndGlobalSection
	GlobalSection(ProjectConfigurationPlatforms) = postSolution
		{951BF03A-94D1-CAE5-4ADD-9F2CB7C4391E}.Debug|Any CPU.ActiveCfg = Debug|Any CPU
		{951BF03A-94D1-CAE5-4ADD-9F2CB7C4391E}.Debug|Any CPU.Build.0 = Debug|Any CPU
		{951BF03A-94D1-CAE5-4ADD-9F2CB7C4391E}.Release|Any CPU.ActiveCfg = Release|Any CPU
		{951BF03A-94D1-CAE5-4ADD-9F2CB7C4391E}.Release|Any CPU.Build.0 = Release|Any CPU
		{68BD68D1-BB59-F5F4-DFA0-39C73C8F5CE8}.Debug|Any CPU.ActiveCfg = Debug|Any CPU
		{68BD68D1-BB59-F5F4-DFA0-39C73C8F5CE8}.Debug|Any CPU.Build.0 = Debug|Any CPU
		{68BD68D1-BB59-F5F4-DFA0-39C73C8F5CE8}.Release|Any CPU.ActiveCfg = Release|Any CPU
		{68BD68D1-BB59-F5F4-DFA0-39C73C8F5CE8}.Release|Any CPU.Build.0 = Release|Any CPU
		{BDB3B136-148A-151E-D7F0-0389760F5C5E}.Debug|Any CPU.ActiveCfg = Debug|Any CPU
		{BDB3B136-148A-151E-D7F0-0389760F5C5E}.Debug|Any CPU.Build.0 = Debug|Any CPU
		{BDB3B136-148A-151E-D7F0-0389760F5C5E}.Release|Any CPU.ActiveCfg = Release|Any CPU
		{BDB3B136-148A-151E-D7F0-0389760F5C5E}.Release|Any CPU.Build.0 = Release|Any CPU
	EndGlobalSection
	GlobalSection(SolutionProperties) = preSolution
		HideSolutionNode = FALSE
	EndGlobalSection
	GlobalSection(MonoDevelopProperties) = preSolution
		StartupItem = Assembly-CSharp.csproj
	EndGlobalSection
EndGlobal
